
Microsoft Visual Studio Solution File, Format Version 12.00
# Visual Studio Version 16
VisualStudioVersion = 16.0.29926.136
MinimumVisualStudioVersion = 10.0.40219.1
Project("{FAE04EC0-301F-11D3-BF4B-00C04F79EFBC}") = "delgate_and_event2", "delgate_and_event2\delgate_and_event2.csproj", "{7E8D3C30-C7D8-4F8D-B658-777F77286C2C}"
EndProject
Global
	GlobalSection(SolutionConfigurationPlatforms) = preSolution
		Debug|Any CPU = Debug|Any CPU
		Release|Any CPU = Release|Any CPU
	EndGlobalSection
	GlobalSection(ProjectConfigurationPlatforms) = postSolution
		{7E8D3C30-C7D8-4F8D-B658-777F77286C2C}.Debug|Any CPU.ActiveCfg = Debug|Any CPU
		{7E8D3C30-C7D8-4F8D-B658-777F77286C2C}.Debug|Any CPU.Build.0 = Debug|Any CPU
		{7E8D3C30-C7D8-4F8D-B658-777F77286C2C}.Release|Any CPU.ActiveCfg = Release|Any CPU
		{7E8D3C30-C7D8-4F8D-B658-777F77286C2C}.Release|Any CPU.Build.0 = Release|Any CPU
	EndGlobalSection
	GlobalSection(SolutionProperties) = preSolution
		HideSolutionNode = FALSE
	EndGlobalSection
	GlobalSection(ExtensibilityGlobals) = postSolution
		SolutionGuid = {D0F4F8D4-5D7A-4DCC-9B7A-262E34DDBE3C}
	EndGlobalSection
EndGlobal
